
Microsoft Visual Studio Solution File, Format Version 12.00
# Visual Studio 15
VisualStudioVersion = 15.0.27703.2047
MinimumVisualStudioVersion = 10.0.40219.1
Project("{F184B08F-C81C-45F6-A57F-5ABD9991F28F}") = "Practico1", "Practico1.vbproj", "{BE469CD2-D4AC-44B8-BCA4-725ABA1FC9C0}"
EndProject
Global
	GlobalSection(SolutionConfigurationPlatforms) = preSolution
		Debug|Any CPU = Debug|Any CPU
		Release|Any CPU = Release|Any CPU
	EndGlobalSection
	GlobalSection(ProjectConfigurationPlatforms) = postSolution
		{BE469CD2-D4AC-44B8-BCA4-725ABA1FC9C0}.Debug|Any CPU.ActiveCfg = Debug|Any CPU
		{BE469CD2-D4AC-44B8-BCA4-725ABA1FC9C0}.Debug|Any CPU.Build.0 = Debug|Any CPU
		{BE469CD2-D4AC-44B8-BCA4-725ABA1FC9C0}.Release|Any CPU.ActiveCfg = Release|Any CPU
		{BE469CD2-D4AC-44B8-BCA4-725ABA1FC9C0}.Release|Any CPU.Build.0 = Release|Any CPU
	EndGlobalSection
	GlobalSection(SolutionProperties) = preSolution
		HideSolutionNode = FALSE
	EndGlobalSection
	GlobalSection(ExtensibilityGlobals) = postSolution
		SolutionGuid = {E9261A4E-55CB-4793-B222-39042D365FB7}
	EndGlobalSection
EndGlobal
